
Microsoft Visual Studio Solution File, Format Version 12.00
# Visual Studio Version 16
VisualStudioVersion = 16.0.35130.168
MinimumVisualStudioVersion = 10.0.40219.1
Project("{8BC9CEB8-8B4A-11D0-8D11-00A0C91BC942}") = "Question_3", "Question_3\Question_3.vcxproj", "{749FA6AA-0BA1-42D2-BCB0-0F584AA2D742}"
EndProject
Global
	GlobalSection(SolutionConfigurationPlatforms) = preSolution
		Debug|x64 = Debug|x64
		Release|x64 = Release|x64
	EndGlobalSection
	GlobalSection(ProjectConfigurationPlatforms) = postSolution
		{749FA6AA-0BA1-42D2-BCB0-0F584AA2D742}.Debug|x64.ActiveCfg = Debug|x64
		{749FA6AA-0BA1-42D2-BCB0-0F584AA2D742}.Debug|x64.Build.0 = Debug|x64
		{749FA6AA-0BA1-42D2-BCB0-0F584AA2D742}.Release|x64.ActiveCfg = Release|x64
		{749FA6AA-0BA1-42D2-BCB0-0F584AA2D742}.Release|x64.Build.0 = Release|x64
	EndGlobalSection
	GlobalSection(SolutionProperties) = preSolution
		HideSolutionNode = FALSE
	EndGlobalSection
	GlobalSection(ExtensibilityGlobals) = postSolution
		SolutionGuid = {A1995303-52D2-43D2-8DF0-42692CA40110}
	EndGlobalSection
EndGlobal
